// !$*UTF8*$!
{
	archiveVersion = 1;
	classes = {
	};
	objectVersion = 56;
	objects = {

/* Begin PBXBuildFile section */
		76FC99452A44C2F70061F485 /* SlipBoxProjectApp.swift in Sources */ = {isa = PBXBuildFile; fileRef = 76FC99442A44C2F70061F485 /* SlipBoxProjectApp.swift */; };
		76FC99472A44C2F70061F485 /* Persistence.swift in Sources */ = {isa = PBXBuildFile; fileRef = 76FC99462A44C2F70061F485 /* Persistence.swift */; };
		76FC994A2A44C2F70061F485 /* SlipBoxProject.xcdatamodeld in Sources */ = {isa = PBXBuildFile; fileRef = 76FC99482A44C2F70061F485 /* SlipBoxProject.xcdatamodeld */; };
		76FC994C2A44C2F70061F485 /* ContentView.swift in Sources */ = {isa = PBXBuildFile; fileRef = 76FC994B2A44C2F70061F485 /* ContentView.swift */; };
		76FC994E2A44C2F80061F485 /* Assets.xcassets in Resources */ = {isa = PBXBuildFile; fileRef = 76FC994D2A44C2F80061F485 /* Assets.xcassets */; };
		76FC99522A44C2F80061F485 /* Preview Assets.xcassets in Resources */ = {isa = PBXBuildFile; fileRef = 76FC99512A44C2F80061F485 /* Preview Assets.xcassets */; };
		76FC995D2A44C2F80061F485 /* SlipBoxProjectTests.swift in Sources */ = {isa = PBXBuildFile; fileRef = 76FC995C2A44C2F80061F485 /* SlipBoxProjectTests.swift */; };
		76FC99672A44C2F80061F485 /* SlipBoxProjectUITests.swift in Sources */ = {isa = PBXBuildFile; fileRef = 76FC99662A44C2F80061F485 /* SlipBoxProjectUITests.swift */; };
		76FC99692A44C2F80061F485 /* SlipBoxProjectUITestsLaunchTests.swift in Sources */ = {isa = PBXBuildFile; fileRef = 76FC99682A44C2F80061F485 /* SlipBoxProjectUITestsLaunchTests.swift */; };
/* End PBXBuildFile section */

/* Begin PBXContainerItemProxy section */
		76FC99592A44C2F80061F485 /* PBXContainerItemProxy */ = {
			isa = PBXContainerItemProxy;
			containerPortal = 76FC99392A44C2F70061F485 /* Project object */;
			proxyType = 1;
			remoteGlobalIDString = 76FC99402A44C2F70061F485;
			remoteInfo = SlipBoxProject;
		};
		76FC99632A44C2F80061F485 /* PBXContainerItemProxy */ = {
			isa = PBXContainerItemProxy;
			containerPortal = 76FC99392A44C2F70061F485 /* Project object */;
			proxyType = 1;
			remoteGlobalIDString = 76FC99402A44C2F70061F485;
			remoteInfo = SlipBoxProject;
		};
/* End PBXContainerItemProxy section */

/* Begin PBXFileReference section */
		76FC99412A44C2F70061F485 /* SlipBoxProject.app */ = {isa = PBXFileReference; explicitFileType = wrapper.application; includeInIndex = 0; path = SlipBoxProject.app; sourceTree = BUILT_PRODUCTS_DIR; };
		76FC99442A44C2F70061F485 /* SlipBoxProjectApp.swift */ = {isa = PBXFileReference; lastKnownFileType = sourcecode.swift; path = SlipBoxProjectApp.swift; sourceTree = "<group>"; };
		76FC99462A44C2F70061F485 /* Persistence.swift */ = {isa = PBXFileReference; lastKnownFileType = sourcecode.swift; path = Persistence.swift; sourceTree = "<group>"; };
		76FC99492A44C2F70061F485 /* SlipBoxProject.xcdatamodel */ = {isa = PBXFileReference; lastKnownFileType = wrapper.xcdatamodel; path = SlipBoxProject.xcdatamodel; sourceTree = "<group>"; };
		76FC994B2A44C2F70061F485 /* ContentView.swift */ = {isa = PBXFileReference; lastKnownFileType = sourcecode.swift; path = ContentView.swift; sourceTree = "<group>"; };
		76FC994D2A44C2F80061F485 /* Assets.xcassets */ = {isa = PBXFileReference; lastKnownFileType = folder.assetcatalog; path = Assets.xcassets; sourceTree = "<group>"; };
		76FC994F2A44C2F80061F485 /* SlipBoxProject.entitlements */ = {isa = PBXFileReference; lastKnownFileType = text.plist.entitlements; path = SlipBoxProject.entitlements; sourceTree = "<group>"; };
		76FC99512A44C2F80061F485 /* Preview Assets.xcassets */ = {isa = PBXFileReference; lastKnownFileType = folder.assetcatalog; path = "Preview Assets.xcassets"; sourceTree = "<group>"; };
		76FC99532A44C2F80061F485 /* Info.plist */ = {isa = PBXFileReference; lastKnownFileType = text.plist.xml; path = Info.plist; sourceTree = "<group>"; };
		76FC99582A44C2F80061F485 /* SlipBoxProjectTests.xctest */ = {isa = PBXFileReference; explicitFileType = wrapper.cfbundle; includeInIndex = 0; path = SlipBoxProjectTests.xctest; sourceTree = BUILT_PRODUCTS_DIR; };
		76FC995C2A44C2F80061F485 /* SlipBoxProjectTests.swift */ = {isa = PBXFileReference; lastKnownFileType = sourcecode.swift; path = SlipBoxProjectTests.swift; sourceTree = "<group>"; };
		76FC99622A44C2F80061F485 /* SlipBoxProjectUITests.xctest */ = {isa = PBXFileReference; explicitFileType = wrapper.cfbundle; includeInIndex = 0; path = SlipBoxProjectUITests.xctest; sourceTree = BUILT_PRODUCTS_DIR; };
		76FC99662A44C2F80061F485 /* SlipBoxProjectUITests.swift */ = {isa = PBXFileReference; lastKnownFileType = sourcecode.swift; path = SlipBoxProjectUITests.swift; sourceTree = "<group>"; };
		76FC99682A44C2F80061F485 /* SlipBoxProjectUITestsLaunchTests.swift */ = {isa = PBXFileReference; lastKnownFileType = sourcecode.swift; path = SlipBoxProjectUITestsLaunchTests.swift; sourceTree = "<group>"; };
/* End PBXFileReference section */

/* Begin PBXFrameworksBuildPhase section */
		76FC993E2A44C2F70061F485 /* Frameworks */ = {
			isa = PBXFrameworksBuildPhase;
			buildActionMask = 2147483647;
			files = (
			);
			runOnlyForDeploymentPostprocessing = 0;
		};
		76FC99552A44C2F80061F485 /* Frameworks */ = {
			isa = PBXFrameworksBuildPhase;
			buildActionMask = 2147483647;
			files = (
			);
			runOnlyForDeploymentPostprocessing = 0;
		};
		76FC995F2A44C2F80061F485 /* Frameworks */ = {
			isa = PBXFrameworksBuildPhase;
			buildActionMask = 2147483647;
			files = (
			);
			runOnlyForDeploymentPostprocessing = 0;
		};
/* End PBXFrameworksBuildPhase section */

/* Begin PBXGroup section */
		76FC99382A44C2F70061F485 = {
			isa = PBXGroup;
			children = (
				76FC99432A44C2F70061F485 /* SlipBoxProject */,
				76FC995B2A44C2F80061F485 /* SlipBoxProjectTests */,
				76FC99652A44C2F80061F485 /* SlipBoxProjectUITests */,
				76FC99422A44C2F70061F485 /* Products */,
			);
			sourceTree = "<group>";
		};
		76FC99422A44C2F70061F485 /* Products */ = {
			isa = PBXGroup;
			children = (
				76FC99412A44C2F70061F485 /* SlipBoxProject.app */,
				76FC99582A44C2F80061F485 /* SlipBoxProjectTests.xctest */,
				76FC99622A44C2F80061F485 /* SlipBoxProjectUITests.xctest */,
			);
			name = Products;
			sourceTree = "<group>";
		};
		76FC99432A44C2F70061F485 /* SlipBoxProject */ = {
			isa = PBXGroup;
			children = (
				76FC99442A44C2F70061F485 /* SlipBoxProjectApp.swift */,
				76FC99462A44C2F70061F485 /* Persistence.swift */,
				76FC994B2A44C2F70061F485 /* ContentView.swift */,
				76FC994D2A44C2F80061F485 /* Assets.xcassets */,
				76FC994F2A44C2F80061F485 /* SlipBoxProject.entitlements */,
				76FC99532A44C2F80061F485 /* Info.plist */,
				76FC99482A44C2F70061F485 /* SlipBoxProject.xcdatamodeld */,
				76FC99502A44C2F80061F485 /* Preview Content */,
			);
			path = SlipBoxProject;
			sourceTree = "<group>";
		};
		76FC99502A44C2F80061F485 /* Preview Content */ = {
			isa = PBXGroup;
			children = (
				76FC99512A44C2F80061F485 /* Preview Assets.xcassets */,
			);
			path = "Preview Content";
			sourceTree = "<group>";
		};
		76FC995B2A44C2F80061F485 /* SlipBoxProjectTests */ = {
			isa = PBXGroup;
			children = (
				76FC995C2A44C2F80061F485 /* SlipBoxProjectTests.swift */,
			);
			path = SlipBoxProjectTests;
			sourceTree = "<group>";
		};
		76FC99652A44C2F80061F485 /* SlipBoxProjectUITests */ = {
			isa = PBXGroup;
			children = (
				76FC99662A44C2F80061F485 /* SlipBoxProjectUITests.swift */,
				76FC99682A44C2F80061F485 /* SlipBoxProjectUITestsLaunchTests.swift */,
			);
			path = SlipBoxProjectUITests;
			sourceTree = "<group>";
		};
/* End PBXGroup section */

/* Begin PBXNativeTarget section */
		76FC99402A44C2F70061F485 /* SlipBoxProject */ = {
			isa = PBXNativeTarget;
			buildConfigurationList = 76FC996C2A44C2F80061F485 /* Build configuration list for PBXNativeTarget "SlipBoxProject" */;
			buildPhases = (
				76FC993D2A44C2F70061F485 /* Sources */,
				76FC993E2A44C2F70061F485 /* Frameworks */,
				76FC993F2A44C2F70061F485 /* Resources */,
			);
			buildRules = (
			);
			dependencies = (
			);
			name = SlipBoxProject;
			productName = SlipBoxProject;
			productReference = 76FC99412A44C2F70061F485 /* SlipBoxProject.app */;
			productType = "com.apple.product-type.application";
		};
		76FC99572A44C2F80061F485 /* SlipBoxProjectTests */ = {
			isa = PBXNativeTarget;
			buildConfigurationList = 76FC996F2A44C2F80061F485 /* Build configuration list for PBXNativeTarget "SlipBoxProjectTests" */;
			buildPhases = (
				76FC99542A44C2F80061F485 /* Sources */,
				76FC99552A44C2F80061F485 /* Frameworks */,
				76FC99562A44C2F80061F485 /* Resources */,
			);
			buildRules = (
			);
			dependencies = (
				76FC995A2A44C2F80061F485 /* PBXTargetDependency */,
			);
			name = SlipBoxProjectTests;
			productName = SlipBoxProjectTests;
			productReference = 76FC99582A44C2F80061F485 /* SlipBoxProjectTests.xctest */;
			productType = "com.apple.product-type.bundle.unit-test";
		};
		76FC99612A44C2F80061F485 /* SlipBoxProjectUITests */ = {
			isa = PBXNativeTarget;
			buildConfigurationList = 76FC99722A44C2F80061F485 /* Build configuration list for PBXNativeTarget "SlipBoxProjectUITests" */;
			buildPhases = (
				76FC995E2A44C2F80061F485 /* Sources */,
				76FC995F2A44C2F80061F485 /* Frameworks */,
				76FC99602A44C2F80061F485 /* Resources */,
			);
			buildRules = (
			);
			dependencies = (
				76FC99642A44C2F80061F485 /* PBXTargetDependency */,
			);
			name = SlipBoxProjectUITests;
			productName = SlipBoxProjectUITests;
			productReference = 76FC99622A44C2F80061F485 /* SlipBoxProjectUITests.xctest */;
			productType = "com.apple.product-type.bundle.ui-testing";
		};
/* End PBXNativeTarget section */

/* Begin PBXProject section */
		76FC99392A44C2F70061F485 /* Project object */ = {
			isa = PBXProject;
			attributes = {
				BuildIndependentTargetsInParallel = 1;
				LastSwiftUpdateCheck = 1500;
				LastUpgradeCheck = 1500;
				TargetAttributes = {
					76FC99402A44C2F70061F485 = {
						CreatedOnToolsVersion = 15.0;
					};
					76FC99572A44C2F80061F485 = {
						CreatedOnToolsVersion = 15.0;
						TestTargetID = 76FC99402A44C2F70061F485;
					};
					76FC99612A44C2F80061F485 = {
						CreatedOnToolsVersion = 15.0;
						TestTargetID = 76FC99402A44C2F70061F485;
					};
				};
			};
			buildConfigurationList = 76FC993C2A44C2F70061F485 /* Build configuration list for PBXProject "SlipBoxProject" */;
			compatibilityVersion = "Xcode 14.0";
			developmentRegion = en;
			hasScannedForEncodings = 0;
			knownRegions = (
				en,
				Base,
			);
			mainGroup = 76FC99382A44C2F70061F485;
			productRefGroup = 76FC99422A44C2F70061F485 /* Products */;
			projectDirPath = "";
			projectRoot = "";
			targets = (
				76FC99402A44C2F70061F485 /* SlipBoxProject */,
				76FC99572A44C2F80061F485 /* SlipBoxProjectTests */,
				76FC99612A44C2F80061F485 /* SlipBoxProjectUITests */,
			);
		};
/* End PBXProject section */

/* Begin PBXResourcesBuildPhase section */
		76FC993F2A44C2F70061F485 /* Resources */ = {
			isa = PBXResourcesBuildPhase;
			buildActionMask = 2147483647;
			files = (
				76FC99522A44C2F80061F485 /* Preview Assets.xcassets in Resources */,
				76FC994E2A44C2F80061F485 /* Assets.xcassets in Resources */,
			);
			runOnlyForDeploymentPostprocessing = 0;
		};
		76FC99562A44C2F80061F485 /* Resources */ = {
			isa = PBXResourcesBuildPhase;
			buildActionMask = 2147483647;
			files = (
			);
			runOnlyForDeploymentPostprocessing = 0;
		};
		76FC99602A44C2F80061F485 /* Resources */ = {
			isa = PBXResourcesBuildPhase;
			buildActionMask = 2147483647;
			files = (
			);
			runOnlyForDeploymentPostprocessing = 0;
		};
/* End PBXResourcesBuildPhase section */

/* Begin PBXSourcesBuildPhase section */
		76FC993D2A44C2F70061F485 /* Sources */ = {
			isa = PBXSourcesBuildPhase;
			buildActionMask = 2147483647;
			files = (
				76FC99452A44C2F70061F485 /* SlipBoxProjectApp.swift in Sources */,
				76FC994A2A44C2F70061F485 /* SlipBoxProject.xcdatamodeld in Sources */,
				76FC994C2A44C2F70061F485 /* ContentView.swift in Sources */,
				76FC99472A44C2F70061F485 /* Persistence.swift in Sources */,
			);
			runOnlyForDeploymentPostprocessing = 0;
		};
		76FC99542A44C2F80061F485 /* Sources */ = {
			isa = PBXSourcesBuildPhase;
			buildActionMask = 2147483647;
			files = (
				76FC995D2A44C2F80061F485 /* SlipBoxProjectTests.swift in Sources */,
			);
			runOnlyForDeploymentPostprocessing = 0;
		};
		76FC995E2A44C2F80061F485 /* Sources */ = {
			isa = PBXSourcesBuildPhase;
			buildActionMask = 2147483647;
			files = (
				76FC99692A44C2F80061F485 /* SlipBoxProjectUITestsLaunchTests.swift in Sources */,
				76FC99672A44C2F80061F485 /* SlipBoxProjectUITests.swift in Sources */,
			);
			runOnlyForDeploymentPostprocessing = 0;
		};
/* End PBXSourcesBuildPhase section */

/* Begin PBXTargetDependency section */
		76FC995A2A44C2F80061F485 /* PBXTargetDependency */ = {
			isa = PBXTargetDependency;
			target = 76FC99402A44C2F70061F485 /* SlipBoxProject */;
			targetProxy = 76FC99592A44C2F80061F485 /* PBXContainerItemProxy */;
		};
		76FC99642A44C2F80061F485 /* PBXTargetDependency */ = {
			isa = PBXTargetDependency;
			target = 76FC99402A44C2F70061F485 /* SlipBoxProject */;
			targetProxy = 76FC99632A44C2F80061F485 /* PBXContainerItemProxy */;
		};
/* End PBXTargetDependency section */

/* Begin XCBuildConfiguration section */
		76FC996A2A44C2F80061F485 /* Debug */ = {
			isa = XCBuildConfiguration;
			buildSettings = {
				ALWAYS_SEARCH_USER_PATHS = NO;
				ASSETCATALOG_COMPILER_GENERATE_SWIFT_ASSET_SYMBOL_EXTENSIONS = YES;
				CLANG_ANALYZER_NONNULL = YES;
				CLANG_ANALYZER_NUMBER_OBJECT_CONVERSION = YES_AGGRESSIVE;
				CLANG_CXX_LANGUAGE_STANDARD = "gnu++20";
				CLANG_ENABLE_MODULES = YES;
				CLANG_ENABLE_OBJC_ARC = YES;
				CLANG_ENABLE_OBJC_WEAK = YES;
				CLANG_WARN_BLOCK_CAPTURE_AUTORELEASING = YES;
				CLANG_WARN_BOOL_CONVERSION = YES;
				CLANG_WARN_COMMA = YES;
				CLANG_WARN_CONSTANT_CONVERSION = YES;
				CLANG_WARN_DEPRECATED_OBJC_IMPLEMENTATIONS = YES;
				CLANG_WARN_DIRECT_OBJC_ISA_USAGE = YES_ERROR;
				CLANG_WARN_DOCUMENTATION_COMMENTS = YES;
				CLANG_WARN_EMPTY_BODY = YES;
				CLANG_WARN_ENUM_CONVERSION = YES;
				CLANG_WARN_INFINITE_RECURSION = YES;
				CLANG_WARN_INT_CONVERSION = YES;
				CLANG_WARN_NON_LITERAL_NULL_CONVERSION = YES;
				CLANG_WARN_OBJC_IMPLICIT_RETAIN_SELF = YES;
				CLANG_WARN_OBJC_LITERAL_CONVERSION = YES;
				CLANG_WARN_OBJC_ROOT_CLASS = YES_ERROR;
				CLANG_WARN_QUOTED_INCLUDE_IN_FRAMEWORK_HEADER = YES;
				CLANG_WARN_RANGE_LOOP_ANALYSIS = YES;
				CLANG_WARN_STRICT_PROTOTYPES = YES;
				CLANG_WARN_SUSPICIOUS_MOVE = YES;
				CLANG_WARN_UNGUARDED_AVAILABILITY = YES_AGGRESSIVE;
				CLANG_WARN_UNREACHABLE_CODE = YES;
				CLANG_WARN__DUPLICATE_METHOD_MATCH = YES;
				COPY_PHASE_STRIP = NO;
				DEBUG_INFORMATION_FORMAT = dwarf;
				ENABLE_STRICT_OBJC_MSGSEND = YES;
				ENABLE_TESTABILITY = YES;
				ENABLE_USER_SCRIPT_SANDBOXING = YES;
				GCC_C_LANGUAGE_STANDARD = gnu17;
				GCC_DYNAMIC_NO_PIC = NO;
				GCC_NO_COMMON_BLOCKS = YES;
				GCC_OPTIMIZATION_LEVEL = 0;
				GCC_PREPROCESSOR_DEFINITIONS = (
					"DEBUG=1",
					"$(inherited)",
				);
				GCC_WARN_64_TO_32_BIT_CONVERSION = YES;
				GCC_WARN_ABOUT_RETURN_TYPE = YES_ERROR;
				GCC_WARN_UNDECLARED_SELECTOR = YES;
				GCC_WARN_UNINITIALIZED_AUTOS = YES_AGGRESSIVE;
				GCC_WARN_UNUSED_FUNCTION = YES;
				GCC_WARN_UNUSED_VARIABLE = YES;
				LOCALIZATION_PREFERS_STRING_CATALOGS = YES;
				MTL_ENABLE_DEBUG_INFO = INCLUDE_SOURCE;
				MTL_FAST_MATH = YES;
				ONLY_ACTIVE_ARCH = YES;
				SWIFT_ACTIVE_COMPILATION_CONDITIONS = "DEBUG $(inherited)";
				SWIFT_OPTIMIZATION_LEVEL = "-Onone";
			};
			name = Debug;
		};
		76FC996B2A44C2F80061F485 /* Release */ = {
			isa = XCBuildConfiguration;
			buildSettings = {
				ALWAYS_SEARCH_USER_PATHS = NO;
				ASSETCATALOG_COMPILER_GENERATE_SWIFT_ASSET_SYMBOL_EXTENSIONS = YES;
				CLANG_ANALYZER_NONNULL = YES;
				CLANG_ANALYZER_NUMBER_OBJECT_CONVERSION = YES_AGGRESSIVE;
				CLANG_CXX_LANGUAGE_STANDARD = "gnu++20";
				CLANG_ENABLE_MODULES = YES;
				CLANG_ENABLE_OBJC_ARC = YES;
				CLANG_ENABLE_OBJC_WEAK = YES;
				CLANG_WARN_BLOCK_CAPTURE_AUTORELEASING = YES;
				CLANG_WARN_BOOL_CONVERSION = YES;
				CLANG_WARN_COMMA = YES;
				CLANG_WARN_CONSTANT_CONVERSION = YES;
				CLANG_WARN_DEPRECATED_OBJC_IMPLEMENTATIONS = YES;
				CLANG_WARN_DIRECT_OBJC_ISA_USAGE = YES_ERROR;
				CLANG_WARN_DOCUMENTATION_COMMENTS = YES;
				CLANG_WARN_EMPTY_BODY = YES;
				CLANG_WARN_ENUM_CONVERSION = YES;
				CLANG_WARN_INFINITE_RECURSION = YES;
				CLANG_WARN_INT_CONVERSION = YES;
				CLANG_WARN_NON_LITERAL_NULL_CONVERSION = YES;
				CLANG_WARN_OBJC_IMPLICIT_RETAIN_SELF = YES;
				CLANG_WARN_OBJC_LITERAL_CONVERSION = YES;
				CLANG_WARN_OBJC_ROOT_CLASS = YES_ERROR;
				CLANG_WARN_QUOTED_INCLUDE_IN_FRAMEWORK_HEADER = YES;
				CLANG_WARN_RANGE_LOOP_ANALYSIS = YES;
				CLANG_WARN_STRICT_PROTOTYPES = YES;
				CLANG_WARN_SUSPICIOUS_MOVE = YES;
				CLANG_WARN_UNGUARDED_AVAILABILITY = YES_AGGRESSIVE;
				CLANG_WARN_UNREACHABLE_CODE = YES;
				CLANG_WARN__DUPLICATE_METHOD_MATCH = YES;
				COPY_PHASE_STRIP = NO;
				DEBUG_INFORMATION_FORMAT = "dwarf-with-dsym";
				ENABLE_NS_ASSERTIONS = NO;
				ENABLE_STRICT_OBJC_MSGSEND = YES;
				ENABLE_USER_SCRIPT_SANDBOXING = YES;
				GCC_C_LANGUAGE_STANDARD = gnu17;
				GCC_NO_COMMON_BLOCKS = YES;
				GCC_WARN_64_TO_32_BIT_CONVERSION = YES;
				GCC_WARN_ABOUT_RETURN_TYPE = YES_ERROR;
				GCC_WARN_UNDECLARED_SELECTOR = YES;
				GCC_WARN_UNINITIALIZED_AUTOS = YES_AGGRESSIVE;
				GCC_WARN_UNUSED_FUNCTION = YES;
				GCC_WARN_UNUSED_VARIABLE = YES;
				LOCALIZATION_PREFERS_STRING_CATALOGS = YES;
				MTL_ENABLE_DEBUG_INFO = NO;
				MTL_FAST_MATH = YES;
				SWIFT_COMPILATION_MODE = wholemodule;
			};
			name = Release;
		};
		76FC996D2A44C2F80061F485 /* Debug */ = {
			isa = XCBuildConfiguration;
			buildSettings = {
				ASSETCATALOG_COMPILER_APPICON_NAME = AppIcon;
				ASSETCATALOG_COMPILER_GLOBAL_ACCENT_COLOR_NAME = AccentColor;
				CODE_SIGN_ENTITLEMENTS = SlipBoxProject/SlipBoxProject.entitlements;
				CODE_SIGN_STYLE = Automatic;
				CURRENT_PROJECT_VERSION = 1;
				DEVELOPMENT_ASSET_PATHS = "\"SlipBoxProject/Preview Content\"";
				DEVELOPMENT_TEAM = PFVCA649R3;
				ENABLE_HARDENED_RUNTIME = YES;
				ENABLE_PREVIEWS = YES;
				GENERATE_INFOPLIST_FILE = YES;
				INFOPLIST_FILE = SlipBoxProject/Info.plist;
				"INFOPLIST_KEY_UIApplicationSceneManifest_Generation[sdk=iphoneos*]" = YES;
				"INFOPLIST_KEY_UIApplicationSceneManifest_Generation[sdk=iphonesimulator*]" = YES;
				"INFOPLIST_KEY_UIApplicationSupportsIndirectInputEvents[sdk=iphoneos*]" = YES;
				"INFOPLIST_KEY_UIApplicationSupportsIndirectInputEvents[sdk=iphonesimulator*]" = YES;
				"INFOPLIST_KEY_UILaunchScreen_Generation[sdk=iphoneos*]" = YES;
				"INFOPLIST_KEY_UILaunchScreen_Generation[sdk=iphonesimulator*]" = YES;
				"INFOPLIST_KEY_UIStatusBarStyle[sdk=iphoneos*]" = UIStatusBarStyleDefault;
				"INFOPLIST_KEY_UIStatusBarStyle[sdk=iphonesimulator*]" = UIStatusBarStyleDefault;
				INFOPLIST_KEY_UISupportedInterfaceOrientations_iPad = "UIInterfaceOrientationPortrait UIInterfaceOrientationPortraitUpsideDown UIInterfaceOrientationLandscapeLeft UIInterfaceOrientationLandscapeRight";
				INFOPLIST_KEY_UISupportedInterfaceOrientations_iPhone = "UIInterfaceOrientationPortrait UIInterfaceOrientationLandscapeLeft UIInterfaceOrientationLandscapeRight";
				IPHONEOS_DEPLOYMENT_TARGET = 17.0;
				LD_RUNPATH_SEARCH_PATHS = "@executable_path/Frameworks";
				"LD_RUNPATH_SEARCH_PATHS[sdk=macosx*]" = "@executable_path/../Frameworks";
				MACOSX_DEPLOYMENT_TARGET = 13.4;
				MARKETING_VERSION = 1.0;
				PRODUCT_BUNDLE_IDENTIFIER = com.kashiash.SlipBoxProject;
				PRODUCT_NAME = "$(TARGET_NAME)";
				SDKROOT = auto;
				SUPPORTED_PLATFORMS = "iphoneos iphonesimulator macosx";
				SWIFT_EMIT_LOC_STRINGS = YES;
				SWIFT_VERSION = 5.0;
				TARGETED_DEVICE_FAMILY = "1,2";
			};
			name = Debug;
		};
		76FC996E2A44C2F80061F485 /* Release */ = {
			isa = XCBuildConfiguration;
			buildSettings = {
				ASSETCATALOG_COMPILER_APPICON_NAME = AppIcon;
				ASSETCATALOG_COMPILER_GLOBAL_ACCENT_COLOR_NAME = AccentColor;
				CODE_SIGN_ENTITLEMENTS = SlipBoxProject/SlipBoxProject.entitlements;
				CODE_SIGN_STYLE = Automatic;
				CURRENT_PROJECT_VERSION = 1;
				DEVELOPMENT_ASSET_PATHS = "\"SlipBoxProject/Preview Content\"";
				DEVELOPMENT_TEAM = PFVCA649R3;
				ENABLE_HARDENED_RUNTIME = YES;
				ENABLE_PREVIEWS = YES;
				GENERATE_INFOPLIST_FILE = YES;
				INFOPLIST_FILE = SlipBoxProject/Info.plist;
				"INFOPLIST_KEY_UIApplicationSceneManifest_Generation[sdk=iphoneos*]" = YES;
				"INFOPLIST_KEY_UIApplicationSceneManifest_Generation[sdk=iphonesimulator*]" = YES;
				"INFOPLIST_KEY_UIApplicationSupportsIndirectInputEvents[sdk=iphoneos*]" = YES;
				"INFOPLIST_KEY_UIApplicationSupportsIndirectInputEvents[sdk=iphonesimulator*]" = YES;
				"INFOPLIST_KEY_UILaunchScreen_Generation[sdk=iphoneos*]" = YES;
				"INFOPLIST_KEY_UILaunchScreen_Generation[sdk=iphonesimulator*]" = YES;
				"INFOPLIST_KEY_UIStatusBarStyle[sdk=iphoneos*]" = UIStatusBarStyleDefault;
				"INFOPLIST_KEY_UIStatusBarStyle[sdk=iphonesimulator*]" = UIStatusBarStyleDefault;
				INFOPLIST_KEY_UISupportedInterfaceOrientations_iPad = "UIInterfaceOrientationPortrait UIInterfaceOrientationPortraitUpsideDown UIInterfaceOrientationLandscapeLeft UIInterfaceOrientationLandscapeRight";
				INFOPLIST_KEY_UISupportedInterfaceOrientations_iPhone = "UIInterfaceOrientationPortrait UIInterfaceOrientationLandscapeLeft UIInterfaceOrientationLandscapeRight";
				IPHONEOS_DEPLOYMENT_TARGET = 17.0;
				LD_RUNPATH_SEARCH_PATHS = "@executable_path/Frameworks";
				"LD_RUNPATH_SEARCH_PATHS[sdk=macosx*]" = "@executable_path/../Frameworks";
				MACOSX_DEPLOYMENT_TARGET = 13.4;
				MARKETING_VERSION = 1.0;
				PRODUCT_BUNDLE_IDENTIFIER = com.kashiash.SlipBoxProject;
				PRODUCT_NAME = "$(TARGET_NAME)";
				SDKROOT = auto;
				SUPPORTED_PLATFORMS = "iphoneos iphonesimulator macosx";
				SWIFT_EMIT_LOC_STRINGS = YES;
				SWIFT_VERSION = 5.0;
				TARGETED_DEVICE_FAMILY = "1,2";
			};
			name = Release;
		};
		76FC99702A44C2F80061F485 /* Debug */ = {
			isa = XCBuildConfiguration;
			buildSettings = {
				ALWAYS_EMBED_SWIFT_STANDARD_LIBRARIES = YES;
				BUNDLE_LOADER = "$(TEST_HOST)";
				CODE_SIGN_STYLE = Automatic;
				CURRENT_PROJECT_VERSION = 1;
				DEVELOPMENT_TEAM = PFVCA649R3;
				GENERATE_INFOPLIST_FILE = YES;
				IPHONEOS_DEPLOYMENT_TARGET = 17.0;
				MACOSX_DEPLOYMENT_TARGET = 13.4;
				MARKETING_VERSION = 1.0;
				PRODUCT_BUNDLE_IDENTIFIER = com.kashiash.SlipBoxProjectTests;
				PRODUCT_NAME = "$(TARGET_NAME)";
				SDKROOT = auto;
				SUPPORTED_PLATFORMS = "iphoneos iphonesimulator macosx";
				SWIFT_EMIT_LOC_STRINGS = NO;
				SWIFT_VERSION = 5.0;
				TARGETED_DEVICE_FAMILY = "1,2";
				TEST_HOST = "$(BUILT_PRODUCTS_DIR)/SlipBoxProject.app/$(BUNDLE_EXECUTABLE_FOLDER_PATH)/SlipBoxProject";
			};
			name = Debug;
		};
		76FC99712A44C2F80061F485 /* Release */ = {
			isa = XCBuildConfiguration;
			buildSettings = {
				ALWAYS_EMBED_SWIFT_STANDARD_LIBRARIES = YES;
				BUNDLE_LOADER = "$(TEST_HOST)";
				CODE_SIGN_STYLE = Automatic;
				CURRENT_PROJECT_VERSION = 1;
				DEVELOPMENT_TEAM = PFVCA649R3;
				GENERATE_INFOPLIST_FILE = YES;
				IPHONEOS_DEPLOYMENT_TARGET = 17.0;
				MACOSX_DEPLOYMENT_TARGET = 13.4;
				MARKETING_VERSION = 1.0;
				PRODUCT_BUNDLE_IDENTIFIER = com.kashiash.SlipBoxProjectTests;
				PRODUCT_NAME = "$(TARGET_NAME)";
				SDKROOT = auto;
				SUPPORTED_PLATFORMS = "iphoneos iphonesimulator macosx";
				SWIFT_EMIT_LOC_STRINGS = NO;
				SWIFT_VERSION = 5.0;
				TARGETED_DEVICE_FAMILY = "1,2";
				TEST_HOST = "$(BUILT_PRODUCTS_DIR)/SlipBoxProject.app/$(BUNDLE_EXECUTABLE_FOLDER_PATH)/SlipBoxProject";
			};
			name = Release;
		};
		76FC99732A44C2F80061F485 /* Debug */ = {
			isa = XCBuildConfiguration;
			buildSettings = {
				ALWAYS_EMBED_SWIFT_STANDARD_LIBRARIES = YES;
				CODE_SIGN_STYLE = Automatic;
				CURRENT_PROJECT_VERSION = 1;
				DEVELOPMENT_TEAM = PFVCA649R3;
				GENERATE_INFOPLIST_FILE = YES;
				IPHONEOS_DEPLOYMENT_TARGET = 17.0;
				MACOSX_DEPLOYMENT_TARGET = 13.4;
				MARKETING_VERSION = 1.0;
				PRODUCT_BUNDLE_IDENTIFIER = com.kashiash.SlipBoxProjectUITests;
				PRODUCT_NAME = "$(TARGET_NAME)";
				SDKROOT = auto;
				SUPPORTED_PLATFORMS = "iphoneos iphonesimulator macosx";
				SWIFT_EMIT_LOC_STRINGS = NO;
				SWIFT_VERSION = 5.0;
				TARGETED_DEVICE_FAMILY = "1,2";
				TEST_TARGET_NAME = SlipBoxProject;
			};
			name = Debug;
		};
		76FC99742A44C2F80061F485 /* Release */ = {
			isa = XCBuildConfiguration;
			buildSettings = {
				ALWAYS_EMBED_SWIFT_STANDARD_LIBRARIES = YES;
				CODE_SIGN_STYLE = Automatic;
				CURRENT_PROJECT_VERSION = 1;
				DEVELOPMENT_TEAM = PFVCA649R3;
				GENERATE_INFOPLIST_FILE = YES;
				IPHONEOS_DEPLOYMENT_TARGET = 17.0;
				MACOSX_DEPLOYMENT_TARGET = 13.4;
				MARKETING_VERSION = 1.0;
				PRODUCT_BUNDLE_IDENTIFIER = com.kashiash.SlipBoxProjectUITests;
				PRODUCT_NAME = "$(TARGET_NAME)";
				SDKROOT = auto;
				SUPPORTED_PLATFORMS = "iphoneos iphonesimulator macosx";
				SWIFT_EMIT_LOC_STRINGS = NO;
				SWIFT_VERSION = 5.0;
				TARGETED_DEVICE_FAMILY = "1,2";
				TEST_TARGET_NAME = SlipBoxProject;
			};
			name = Release;
		};
/* End XCBuildConfiguration section */

/* Begin XCConfigurationList section */
		76FC993C2A44C2F70061F485 /* Build configuration list for PBXProject "SlipBoxProject" */ = {
			isa = XCConfigurationList;
			buildConfigurations = (
				76FC996A2A44C2F80061F485 /* Debug */,
				76FC996B2A44C2F80061F485 /* Release */,
			);
			defaultConfigurationIsVisible = 0;
			defaultConfigurationName = Release;
		};
		76FC996C2A44C2F80061F485 /* Build configuration list for PBXNativeTarget "SlipBoxProject" */ = {
			isa = XCConfigurationList;
			buildConfigurations = (
				76FC996D2A44C2F80061F485 /* Debug */,
				76FC996E2A44C2F80061F485 /* Release */,
			);
			defaultConfigurationIsVisible = 0;
			defaultConfigurationName = Release;
		};
		76FC996F2A44C2F80061F485 /* Build configuration list for PBXNativeTarget "SlipBoxProjectTests" */ = {
			isa = XCConfigurationList;
			buildConfigurations = (
				76FC99702A44C2F80061F485 /* Debug */,
				76FC99712A44C2F80061F485 /* Release */,
			);
			defaultConfigurationIsVisible = 0;
			defaultConfigurationName = Release;
		};
		76FC99722A44C2F80061F485 /* Build configuration list for PBXNativeTarget "SlipBoxProjectUITests" */ = {
			isa = XCConfigurationList;
			buildConfigurations = (
				76FC99732A44C2F80061F485 /* Debug */,
				76FC99742A44C2F80061F485 /* Release */,
			);
			defaultConfigurationIsVisible = 0;
			defaultConfigurationName = Release;
		};
/* End XCConfigurationList section */

/* Begin XCVersionGroup section */
		76FC99482A44C2F70061F485 /* SlipBoxProject.xcdatamodeld */ = {
			isa = XCVersionGroup;
			children = (
				76FC99492A44C2F70061F485 /* SlipBoxProject.xcdatamodel */,
			);
			currentVersion = 76FC99492A44C2F70061F485 /* SlipBoxProject.xcdatamodel */;
			path = SlipBoxProject.xcdatamodeld;
			sourceTree = "<group>";
			versionGroupType = wrapper.xcdatamodel;
		};
/* End XCVersionGroup section */
	};
	rootObject = 76FC99392A44C2F70061F485 /* Project object */;
}
